Microsoft Visual Studio Solution File, Format Version 11.00
# Visual Studio 2010
Project("{8BC9CEB8-8B4A-11D0-8D11-00A0C91BC942}") = "loaddll", "loaddll.vcxproj", "{4EE67C57-BE79-4CD7-B3B0-94AECE62DB41}"
EndProject
Global
	GlobalSection(SolutionConfigurationPlatforms) = preSolution
		Win32|Win32 = Win32|Win32
		x64|Win32 = x64|Win32
	EndGlobalSection
	GlobalSection(ProjectConfigurationPlatforms) = postSolution
		{4EE67C57-BE79-4CD7-B3B0-94AECE62DB41}.Win32|Win32.ActiveCfg = Win32|Win32
		{4EE67C57-BE79-4CD7-B3B0-94AECE62DB41}.Win32|Win32.Build.0 = Win32|Win32
		{4EE67C57-BE79-4CD7-B3B0-94AECE62DB41}.x64|Win32.ActiveCfg = x64|Win32
		{4EE67C57-BE79-4CD7-B3B0-94AECE62DB41}.x64|Win32.Build.0 = x64|Win32
	EndGlobalSection
	GlobalSection(SolutionProperties) = preSolution
		HideSolutionNode = FALSE
	EndGlobalSection
EndGlobal
